
Microsoft Visual Studio Solution File, Format Version 12.00
# Visual Studio Version 17
VisualStudioVersion = 17.3.32929.385
MinimumVisualStudioVersion = 10.0.40219.1
Project("{FAE04EC0-301F-11D3-BF4B-00C04F79EFBC}") = "NetDemo", "NetDemo\NetDemo.csproj", "{D376461F-5FB6-4E53-8C23-DBD648D9E3BA}"
EndProject
Global
	GlobalSection(SolutionConfigurationPlatforms) = preSolution
		Debug|Any CPU = Debug|Any CPU
		Release|Any CPU = Release|Any CPU
	EndGlobalSection
	GlobalSection(ProjectConfigurationPlatforms) = postSolution
		{D376461F-5FB6-4E53-8C23-DBD648D9E3BA}.Debug|Any CPU.ActiveCfg = Debug|Any CPU
		{D376461F-5FB6-4E53-8C23-DBD648D9E3BA}.Debug|Any CPU.Build.0 = Debug|Any CPU
		{D376461F-5FB6-4E53-8C23-DBD648D9E3BA}.Release|Any CPU.ActiveCfg = Release|Any CPU
		{D376461F-5FB6-4E53-8C23-DBD648D9E3BA}.Release|Any CPU.Build.0 = Release|Any CPU
	EndGlobalSection
	GlobalSection(SolutionProperties) = preSolution
		HideSolutionNode = FALSE
	EndGlobalSection
	GlobalSection(ExtensibilityGlobals) = postSolution
		SolutionGuid = {D1253076-30F2-477E-BA83-1404A8851FB0}
	EndGlobalSection
EndGlobal
